
Microsoft Visual Studio Solution File, Format Version 12.00
# Visual Studio 14
VisualStudioVersion = 14.0.24720.0
MinimumVisualStudioVersion = 10.0.40219.1
Project("{FAE04EC0-301F-11D3-BF4B-00C04F79EFBC}") = "VeterinariaWeb", "VeterinariaWeb\VeterinariaWeb.csproj", "{5365463E-07D1-4F54-8C15-667F15859FCD}"
EndProject
Project("{FAE04EC0-301F-11D3-BF4B-00C04F79EFBC}") = "VeterinariaDominio", "VeterinariaDominio\VeterinariaDominio.csproj", "{115B4077-E4B5-453E-BBDD-322CDC0CAEAA}"
EndProject
Project("{FAE04EC0-301F-11D3-BF4B-00C04F79EFBC}") = "VeterinariaWebApp", "VeterinariaWebApp\VeterinariaWebApp.csproj", "{EB15FBE1-6069-4C5A-A7AD-D6308F4FEE8C}"
EndProject
Global
	GlobalSection(SolutionConfigurationPlatforms) = preSolution
		Debug|Any CPU = Debug|Any CPU
		Release|Any CPU = Release|Any CPU
	EndGlobalSection
	GlobalSection(ProjectConfigurationPlatforms) = postSolution
		{5365463E-07D1-4F54-8C15-667F15859FCD}.Debug|Any CPU.ActiveCfg = Debug|Any CPU
		{5365463E-07D1-4F54-8C15-667F15859FCD}.Debug|Any CPU.Build.0 = Debug|Any CPU
		{5365463E-07D1-4F54-8C15-667F15859FCD}.Release|Any CPU.ActiveCfg = Release|Any CPU
		{5365463E-07D1-4F54-8C15-667F15859FCD}.Release|Any CPU.Build.0 = Release|Any CPU
		{115B4077-E4B5-453E-BBDD-322CDC0CAEAA}.Debug|Any CPU.ActiveCfg = Debug|Any CPU
		{115B4077-E4B5-453E-BBDD-322CDC0CAEAA}.Debug|Any CPU.Build.0 = Debug|Any CPU
		{115B4077-E4B5-453E-BBDD-322CDC0CAEAA}.Release|Any CPU.ActiveCfg = Release|Any CPU
		{115B4077-E4B5-453E-BBDD-322CDC0CAEAA}.Release|Any CPU.Build.0 = Release|Any CPU
		{EB15FBE1-6069-4C5A-A7AD-D6308F4FEE8C}.Debug|Any CPU.ActiveCfg = Debug|Any CPU
		{EB15FBE1-6069-4C5A-A7AD-D6308F4FEE8C}.Debug|Any CPU.Build.0 = Debug|Any CPU
		{EB15FBE1-6069-4C5A-A7AD-D6308F4FEE8C}.Release|Any CPU.ActiveCfg = Release|Any CPU
		{EB15FBE1-6069-4C5A-A7AD-D6308F4FEE8C}.Release|Any CPU.Build.0 = Release|Any CPU
	EndGlobalSection
	GlobalSection(SolutionProperties) = preSolution
		HideSolutionNode = FALSE
	EndGlobalSection
EndGlobal
